{
  "name": "node-red-contrib-random-output",
  "version": "0.1.1",
  "lockfileVersion": 2,
  "requires": true,
  "packages": {
    "": {
      "name": "node-red-contrib-random-output",
      "version": "0.1.1",
      "license": "ISC",
      "dependencies": {
        "node-red-contrib-random-output": "github:nstankov-bg/node-red-contrib-random-output"
      }
    },
    "node_modules/node-red-contrib-random-output": {
      "version": "0.1.1",
      "resolved": "git+ssh://git@github.com/nstankov-bg/node-red-contrib-random-output.git#2ea03516341ee6d6d2f00e04393c0c5a9083f0ef",
      "license": "ISC"
    }
  },
  "dependencies": {
    "node-red-contrib-random-output": {
      "version": "git+ssh://git@github.com/nstankov-bg/node-red-contrib-random-output.git#2ea03516341ee6d6d2f00e04393c0c5a9083f0ef",
      "from": "node-red-contrib-random-output@nstankov-bg/node-red-contrib-random-output"
    }
  }
}
